
Microsoft Visual Studio Solution File, Format Version 12.00
# Visual Studio 15
VisualStudioVersion = 15.0.27130.2027
MinimumVisualStudioVersion = 10.0.40219.1
Project("{8BC9CEB8-8B4A-11D0-8D11-00A0C91BC942}") = "Adapter", "Adapter\Adapter.vcxproj", "{0A11E3EF-7992-41CE-803D-A2D082C7B448}"
EndProject
Project("{8BC9CEB8-8B4A-11D0-8D11-00A0C91BC942}") = "AdapterLib", "AdapterLib\AdapterLib.vcxproj", "{248A4009-196E-4244-8E8F-A2C018886F11}"
EndProject
Project("{8BC9CEB8-8B4A-11D0-8D11-00A0C91BC942}") = "AdapterTests", "AdapterTests\AdapterTests.vcxproj", "{605894BB-94D2-4AD8-81E8-B497C7ACF7E7}"
EndProject
Project("{8BC9CEB8-8B4A-11D0-8D11-00A0C91BC942}") = "AdapterPro", "AdapterPro\AdapterPro.vcxproj", "{1B73C5BB-36BC-4D54-83D9-C7B0E2A012DB}"
EndProject
Project("{8BC9CEB8-8B4A-11D0-8D11-00A0C91BC942}") = "AdapterProLib", "AdapterProLib\AdapterProLib.vcxproj", "{2D526F10-C975-4BD0-95AE-115A4E900371}"
EndProject
Global
	GlobalSection(SolutionConfigurationPlatforms) = preSolution
		Debug|x64 = Debug|x64
		Debug|x86 = Debug|x86
		Release|x64 = Release|x64
		Release|x86 = Release|x86
	EndGlobalSection
	GlobalSection(ProjectConfigurationPlatforms) = postSolution
		{0A11E3EF-7992-41CE-803D-A2D082C7B448}.Debug|x64.ActiveCfg = Debug|x64
		{0A11E3EF-7992-41CE-803D-A2D082C7B448}.Debug|x64.Build.0 = Debug|x64
		{0A11E3EF-7992-41CE-803D-A2D082C7B448}.Debug|x86.ActiveCfg = Debug|Win32
		{0A11E3EF-7992-41CE-803D-A2D082C7B448}.Debug|x86.Build.0 = Debug|Win32
		{0A11E3EF-7992-41CE-803D-A2D082C7B448}.Release|x64.ActiveCfg = Release|x64
		{0A11E3EF-7992-41CE-803D-A2D082C7B448}.Release|x64.Build.0 = Release|x64
		{0A11E3EF-7992-41CE-803D-A2D082C7B448}.Release|x86.ActiveCfg = Release|Win32
		{0A11E3EF-7992-41CE-803D-A2D082C7B448}.Release|x86.Build.0 = Release|Win32
		{248A4009-196E-4244-8E8F-A2C018886F11}.Debug|x64.ActiveCfg = Debug|x64
		{248A4009-196E-4244-8E8F-A2C018886F11}.Debug|x64.Build.0 = Debug|x64
		{248A4009-196E-4244-8E8F-A2C018886F11}.Debug|x86.ActiveCfg = Debug|Win32
		{248A4009-196E-4244-8E8F-A2C018886F11}.Debug|x86.Build.0 = Debug|Win32
		{248A4009-196E-4244-8E8F-A2C018886F11}.Release|x64.ActiveCfg = Release|x64
		{248A4009-196E-4244-8E8F-A2C018886F11}.Release|x64.Build.0 = Release|x64
		{248A4009-196E-4244-8E8F-A2C018886F11}.Release|x86.ActiveCfg = Release|Win32
		{248A4009-196E-4244-8E8F-A2C018886F11}.Release|x86.Build.0 = Release|Win32
		{605894BB-94D2-4AD8-81E8-B497C7ACF7E7}.Debug|x64.ActiveCfg = Debug|x64
		{605894BB-94D2-4AD8-81E8-B497C7ACF7E7}.Debug|x64.Build.0 = Debug|x64
		{605894BB-94D2-4AD8-81E8-B497C7ACF7E7}.Debug|x86.ActiveCfg = Debug|Win32
		{605894BB-94D2-4AD8-81E8-B497C7ACF7E7}.Debug|x86.Build.0 = Debug|Win32
		{605894BB-94D2-4AD8-81E8-B497C7ACF7E7}.Release|x64.ActiveCfg = Release|x64
		{605894BB-94D2-4AD8-81E8-B497C7ACF7E7}.Release|x64.Build.0 = Release|x64
		{605894BB-94D2-4AD8-81E8-B497C7ACF7E7}.Release|x86.ActiveCfg = Release|Win32
		{605894BB-94D2-4AD8-81E8-B497C7ACF7E7}.Release|x86.Build.0 = Release|Win32
		{1B73C5BB-36BC-4D54-83D9-C7B0E2A012DB}.Debug|x64.ActiveCfg = Debug|x64
		{1B73C5BB-36BC-4D54-83D9-C7B0E2A012DB}.Debug|x64.Build.0 = Debug|x64
		{1B73C5BB-36BC-4D54-83D9-C7B0E2A012DB}.Debug|x86.ActiveCfg = Debug|Win32
		{1B73C5BB-36BC-4D54-83D9-C7B0E2A012DB}.Debug|x86.Build.0 = Debug|Win32
		{1B73C5BB-36BC-4D54-83D9-C7B0E2A012DB}.Release|x64.ActiveCfg = Release|x64
		{1B73C5BB-36BC-4D54-83D9-C7B0E2A012DB}.Release|x64.Build.0 = Release|x64
		{1B73C5BB-36BC-4D54-83D9-C7B0E2A012DB}.Release|x86.ActiveCfg = Release|Win32
		{1B73C5BB-36BC-4D54-83D9-C7B0E2A012DB}.Release|x86.Build.0 = Release|Win32
		{2D526F10-C975-4BD0-95AE-115A4E900371}.Debug|x64.ActiveCfg = Debug|x64
		{2D526F10-C975-4BD0-95AE-115A4E900371}.Debug|x64.Build.0 = Debug|x64
		{2D526F10-C975-4BD0-95AE-115A4E900371}.Debug|x86.ActiveCfg = Debug|Win32
		{2D526F10-C975-4BD0-95AE-115A4E900371}.Debug|x86.Build.0 = Debug|Win32
		{2D526F10-C975-4BD0-95AE-115A4E900371}.Release|x64.ActiveCfg = Release|x64
		{2D526F10-C975-4BD0-95AE-115A4E900371}.Release|x64.Build.0 = Release|x64
		{2D526F10-C975-4BD0-95AE-115A4E900371}.Release|x86.ActiveCfg = Release|Win32
		{2D526F10-C975-4BD0-95AE-115A4E900371}.Release|x86.Build.0 = Release|Win32
	EndGlobalSection
	GlobalSection(SolutionProperties) = preSolution
		HideSolutionNode = FALSE
	EndGlobalSection
	GlobalSection(ExtensibilityGlobals) = postSolution
		SolutionGuid = {2F270E05-F6C7-4899-A7C0-CE55FF7F90D6}
	EndGlobalSection
EndGlobal
